
Microsoft Visual Studio Solution File, Format Version 12.00
# Visual Studio Version 16
VisualStudioVersion = 16.0.30517.126
MinimumVisualStudioVersion = 10.0.40219.1
Project("{FAE04EC0-301F-11D3-BF4B-00C04F79EFBC}") = "ControlFlow-Part2", "ControlFlow-Part2\ControlFlow-Part2.csproj", "{4C0B2067-B7EB-4562-A4AA-9EFF65649C1A}"
EndProject
Global
	GlobalSection(SolutionConfigurationPlatforms) = preSolution
		Debug|Any CPU = Debug|Any CPU
		Release|Any CPU = Release|Any CPU
	EndGlobalSection
	GlobalSection(ProjectConfigurationPlatforms) = postSolution
		{4C0B2067-B7EB-4562-A4AA-9EFF65649C1A}.Debug|Any CPU.ActiveCfg = Debug|Any CPU
		{4C0B2067-B7EB-4562-A4AA-9EFF65649C1A}.Debug|Any CPU.Build.0 = Debug|Any CPU
		{4C0B2067-B7EB-4562-A4AA-9EFF65649C1A}.Release|Any CPU.ActiveCfg = Release|Any CPU
		{4C0B2067-B7EB-4562-A4AA-9EFF65649C1A}.Release|Any CPU.Build.0 = Release|Any CPU
	EndGlobalSection
	GlobalSection(SolutionProperties) = preSolution
		HideSolutionNode = FALSE
	EndGlobalSection
	GlobalSection(ExtensibilityGlobals) = postSolution
		SolutionGuid = {5E080592-9470-484B-8D57-F957F19BA06C}
	EndGlobalSection
EndGlobal
