
Microsoft Visual Studio Solution File, Format Version 12.00
# Visual Studio Version 16
VisualStudioVersion = 16.0.30517.126
MinimumVisualStudioVersion = 10.0.40219.1
Project("{FAE04EC0-301F-11D3-BF4B-00C04F79EFBC}") = "VowelsAndConsonants", "VowelsAndConsonants\VowelsAndConsonants.csproj", "{BF13E98C-02E7-469A-B526-53F9597443E6}"
EndProject
Global
	GlobalSection(SolutionConfigurationPlatforms) = preSolution
		Debug|Any CPU = Debug|Any CPU
		Release|Any CPU = Release|Any CPU
	EndGlobalSection
	GlobalSection(ProjectConfigurationPlatforms) = postSolution
		{BF13E98C-02E7-469A-B526-53F9597443E6}.Debug|Any CPU.ActiveCfg = Debug|Any CPU
		{BF13E98C-02E7-469A-B526-53F9597443E6}.Debug|Any CPU.Build.0 = Debug|Any CPU
		{BF13E98C-02E7-469A-B526-53F9597443E6}.Release|Any CPU.ActiveCfg = Release|Any CPU
		{BF13E98C-02E7-469A-B526-53F9597443E6}.Release|Any CPU.Build.0 = Release|Any CPU
	EndGlobalSection
	GlobalSection(SolutionProperties) = preSolution
		HideSolutionNode = FALSE
	EndGlobalSection
	GlobalSection(ExtensibilityGlobals) = postSolution
		SolutionGuid = {B1A46329-D5BE-4F7A-84DF-3D9E7F4BE272}
	EndGlobalSection
EndGlobal
